// !$*UTF8*$!
{
	archiveVersion = 1;
	classes = {
	};
	objectVersion = 46;
	objects = {

/* Begin PBXBuildFile section */
		B314AAF71EB147ED00C8CF1F /* AppDelegate.swift in Sources */ = {isa = PBXBuildFile; fileRef = B314AAF61EB147ED00C8CF1F /* AppDelegate.swift */; };
		B314AAFE1EB147ED00C8CF1F /* Assets.xcassets in Resources */ = {isa = PBXBuildFile; fileRef = B314AAFD1EB147ED00C8CF1F /* Assets.xcassets */; };
		B314AB011EB147ED00C8CF1F /* LaunchScreen.storyboard in Resources */ = {isa = PBXBuildFile; fileRef = B314AAFF1EB147ED00C8CF1F /* LaunchScreen.storyboard */; };
		B314AB4C1EB1485200C8CF1F /* LaunchScreen.storyboard in Resources */ = {isa = PBXBuildFile; fileRef = B314AB181EB1485200C8CF1F /* LaunchScreen.storyboard */; };
		B314AB4E1EB1485200C8CF1F /* TransactionEntity.swift in Sources */ = {isa = PBXBuildFile; fileRef = B314AB1D1EB1485200C8CF1F /* TransactionEntity.swift */; };
		B314AB4F1EB1485200C8CF1F /* TransactionGroup.swift in Sources */ = {isa = PBXBuildFile; fileRef = B314AB1E1EB1485200C8CF1F /* TransactionGroup.swift */; };
		B314AB501EB1485200C8CF1F /* EntityGateway.swift in Sources */ = {isa = PBXBuildFile; fileRef = B314AB201EB1485200C8CF1F /* EntityGateway.swift */; };
		B314AB511EB1485200C8CF1F /* EntityGatewayFactory.swift in Sources */ = {isa = PBXBuildFile; fileRef = B314AB211EB1485200C8CF1F /* EntityGatewayFactory.swift */; };
		B314AB531EB1485200C8CF1F /* EntityGatewayImpl.swift in Sources */ = {isa = PBXBuildFile; fileRef = B314AB231EB1485200C8CF1F /* EntityGatewayImpl.swift */; };
		B314AB551EB1485200C8CF1F /* OneSourceManagerImpl.swift in Sources */ = {isa = PBXBuildFile; fileRef = B314AB261EB1485200C8CF1F /* OneSourceManagerImpl.swift */; };
		B314AB561EB1485200C8CF1F /* TwoSourceManagerImpl.swift in Sources */ = {isa = PBXBuildFile; fileRef = B314AB271EB1485200C8CF1F /* TwoSourceManagerImpl.swift */; };
		B314AB571EB1485200C8CF1F /* TransactionListConnector.swift in Sources */ = {isa = PBXBuildFile; fileRef = B314AB2B1EB1485200C8CF1F /* TransactionListConnector.swift */; };
		B314AB591EB1485200C8CF1F /* TransactionListPresenter.swift in Sources */ = {isa = PBXBuildFile; fileRef = B314AB2E1EB1485200C8CF1F /* TransactionListPresenter.swift */; };
		B314AB5A1EB1485200C8CF1F /* TransactionListPresenterOutput.swift in Sources */ = {isa = PBXBuildFile; fileRef = B314AB2F1EB1485200C8CF1F /* TransactionListPresenterOutput.swift */; };
		B314AB5C1EB1485200C8CF1F /* TransactionListViewModel.swift in Sources */ = {isa = PBXBuildFile; fileRef = B314AB311EB1485200C8CF1F /* TransactionListViewModel.swift */; };
		B314AB5D1EB1485200C8CF1F /* TransactionListUseCase.swift in Sources */ = {isa = PBXBuildFile; fileRef = B314AB331EB1485200C8CF1F /* TransactionListUseCase.swift */; };
		B314AB5E1EB1485200C8CF1F /* TransactionListViewReadyOneSourceUseCaseTransformer.swift in Sources */ = {isa = PBXBuildFile; fileRef = B314AB341EB1485200C8CF1F /* TransactionListViewReadyOneSourceUseCaseTransformer.swift */; };
		B314AB601EB1485200C8CF1F /* TransactionListViewReadyTwoSourceUseCaseTransformer.swift in Sources */ = {isa = PBXBuildFile; fileRef = B314AB361EB1485200C8CF1F /* TransactionListViewReadyTwoSourceUseCaseTransformer.swift */; };
		B314AB611EB1485200C8CF1F /* TransactionListUseCaseOutput.swift in Sources */ = {isa = PBXBuildFile; fileRef = B314AB371EB1485200C8CF1F /* TransactionListUseCaseOutput.swift */; };
		B314AB631EB1485200C8CF1F /* TransactionListCell.swift in Sources */ = {isa = PBXBuildFile; fileRef = B314AB3B1EB1485200C8CF1F /* TransactionListCell.swift */; };
		B314AB641EB1485200C8CF1F /* TransactionListDetailCell.swift in Sources */ = {isa = PBXBuildFile; fileRef = B314AB3C1EB1485200C8CF1F /* TransactionListDetailCell.swift */; };
		B314AB651EB1485200C8CF1F /* TransactionListFooterCell.swift in Sources */ = {isa = PBXBuildFile; fileRef = B314AB3D1EB1485200C8CF1F /* TransactionListFooterCell.swift */; };
		B314AB661EB1485200C8CF1F /* TransactionListGrandFooterCell.swift in Sources */ = {isa = PBXBuildFile; fileRef = B314AB3E1EB1485200C8CF1F /* TransactionListGrandFooterCell.swift */; };
		B314AB671EB1485200C8CF1F /* TransactionListHeaderCell.swift in Sources */ = {isa = PBXBuildFile; fileRef = B314AB3F1EB1485200C8CF1F /* TransactionListHeaderCell.swift */; };
		B314AB681EB1485200C8CF1F /* TransactionListMessageCell.swift in Sources */ = {isa = PBXBuildFile; fileRef = B314AB401EB1485200C8CF1F /* TransactionListMessageCell.swift */; };
		B314AB691EB1485200C8CF1F /* TransactionListSubfooterCell.swift in Sources */ = {isa = PBXBuildFile; fileRef = B314AB411EB1485200C8CF1F /* TransactionListSubfooterCell.swift */; };
		B314AB6A1EB1485200C8CF1F /* TransactionListSubheaderCell.swift in Sources */ = {isa = PBXBuildFile; fileRef = B314AB421EB1485200C8CF1F /* TransactionListSubheaderCell.swift */; };
		B314AB6B1EB1485200C8CF1F /* TransactionListAdapter.swift in Sources */ = {isa = PBXBuildFile; fileRef = B314AB431EB1485200C8CF1F /* TransactionListAdapter.swift */; };
		B314AB6D1EB1485200C8CF1F /* TransactionListCellConfigurator.swift in Sources */ = {isa = PBXBuildFile; fileRef = B314AB451EB1485200C8CF1F /* TransactionListCellConfigurator.swift */; };
		B314AB6F1EB1485200C8CF1F /* TransactionListViewController.swift in Sources */ = {isa = PBXBuildFile; fileRef = B314AB471EB1485200C8CF1F /* TransactionListViewController.swift */; };
		B314AB721EB1485200C8CF1F /* Main.storyboard in Resources */ = {isa = PBXBuildFile; fileRef = B314AB4A1EB1485200C8CF1F /* Main.storyboard */; };
		B314AB741EB1485C00C8CF1F /* Color.swift in Sources */ = {isa = PBXBuildFile; fileRef = B314AB731EB1485C00C8CF1F /* Color.swift */; };
		B314AB751EB1489900C8CF1F /* EntityGatewayFactoryTests.swift in Sources */ = {isa = PBXBuildFile; fileRef = B314AB221EB1485200C8CF1F /* EntityGatewayFactoryTests.swift */; };
		B314AB761EB1489C00C8CF1F /* EntityGatewayImplTests.swift in Sources */ = {isa = PBXBuildFile; fileRef = B314AB241EB1485200C8CF1F /* EntityGatewayImplTests.swift */; };
		B314AB771EB1489F00C8CF1F /* TransactionListConnectorTests.swift in Sources */ = {isa = PBXBuildFile; fileRef = B314AB2C1EB1485200C8CF1F /* TransactionListConnectorTests.swift */; };
		B314AB781EB148A300C8CF1F /* TransactionListPresenterTests.swift in Sources */ = {isa = PBXBuildFile; fileRef = B314AB301EB1485200C8CF1F /* TransactionListPresenterTests.swift */; };
		B314AB791EB148A600C8CF1F /* TransactionListViewReadyUseCaseTransformerTests.swift in Sources */ = {isa = PBXBuildFile; fileRef = B314AB351EB1485200C8CF1F /* TransactionListViewReadyUseCaseTransformerTests.swift */; };
		B314AB7B1EB148AE00C8CF1F /* TransactionListAdapterTests.swift in Sources */ = {isa = PBXBuildFile; fileRef = B314AB441EB1485200C8CF1F /* TransactionListAdapterTests.swift */; };
		B314AB7C1EB148B400C8CF1F /* TransactionListCellConfiguratorTests.swift in Sources */ = {isa = PBXBuildFile; fileRef = B314AB461EB1485200C8CF1F /* TransactionListCellConfiguratorTests.swift */; };
		B314AB7D1EB148B400C8CF1F /* TransactionListViewControllerTests.swift in Sources */ = {isa = PBXBuildFile; fileRef = B314AB481EB1485200C8CF1F /* TransactionListViewControllerTests.swift */; };
		B314AB7E1EB148B400C8CF1F /* TransactionListViewControllerIBInjectionTests.swift in Sources */ = {isa = PBXBuildFile; fileRef = B314AB491EB1485200C8CF1F /* TransactionListViewControllerIBInjectionTests.swift */; };
		B32931301F01353F002DCB0D /* TransactionListOneSourceUseCaseTests.swift in Sources */ = {isa = PBXBuildFile; fileRef = B329312C1F01351D002DCB0D /* TransactionListOneSourceUseCaseTests.swift */; };
		B32931311F01353F002DCB0D /* TransactionListTwoSourceUseCaseTests.swift in Sources */ = {isa = PBXBuildFile; fileRef = B329312D1F01351D002DCB0D /* TransactionListTwoSourceUseCaseTests.swift */; };
		B348D6E71EB7FD8000BC010E /* DateFormatter+Format.swift in Sources */ = {isa = PBXBuildFile; fileRef = B348D6E61EB7FD8000BC010E /* DateFormatter+Format.swift */; };
		B34B04261F1292E300D96D90 /* TransactionListConvenienceConnectorTests.swift in Sources */ = {isa = PBXBuildFile; fileRef = B34B04241F12929000D96D90 /* TransactionListConvenienceConnectorTests.swift */; };
		B34B042C1F12C29300D96D90 /* TransactionListViewModelTests.swift in Sources */ = {isa = PBXBuildFile; fileRef = B34B042A1F12C1F100D96D90 /* TransactionListViewModelTests.swift */; };
		B34B042F1F143F6800D96D90 /* TransactionListCellTests.swift in Sources */ = {isa = PBXBuildFile; fileRef = B34B042D1F143F5D00D96D90 /* TransactionListCellTests.swift */; };
		B366CD7C1F1141A1001E1FC1 /* OneSourceManager.swift in Sources */ = {isa = PBXBuildFile; fileRef = B366CD7B1F1141A1001E1FC1 /* OneSourceManager.swift */; };
		B366CD7E1F1141BF001E1FC1 /* TwoSourceManager.swift in Sources */ = {isa = PBXBuildFile; fileRef = B366CD7D1F1141BF001E1FC1 /* TwoSourceManager.swift */; };
		B366CD811F114843001E1FC1 /* EntityGatewayTestFakes.swift in Sources */ = {isa = PBXBuildFile; fileRef = B366CD7F1F114831001E1FC1 /* EntityGatewayTestFakes.swift */; };
		B39F73ED1F9842090032F59B /* Readme.md in Resources */ = {isa = PBXBuildFile; fileRef = B39F73EC1F9842090032F59B /* Readme.md */; };
		B3C5026C1F5C79380018D14A /* TransactionListViewReadyUseCaseOutput.swift in Sources */ = {isa = PBXBuildFile; fileRef = B3C5026B1F5C79380018D14A /* TransactionListViewReadyUseCaseOutput.swift */; };
		B3C5026E1F5C79A90018D14A /* TransactionListViewReadyPresenterOutput.swift in Sources */ = {isa = PBXBuildFile; fileRef = B3C5026D1F5C79A90018D14A /* TransactionListViewReadyPresenterOutput.swift */; };
/* End PBXBuildFile section */

/* Begin PBXContainerItemProxy section */
		B314AB081EB147ED00C8CF1F /* PBXContainerItemProxy */ = {
			isa = PBXContainerItemProxy;
			containerPortal = B314AAEB1EB147ED00C8CF1F /* Project object */;
			proxyType = 1;
			remoteGlobalIDString = B314AAF21EB147ED00C8CF1F;
			remoteInfo = CleanTDDReportTableDemo;
		};
/* End PBXContainerItemProxy section */

/* Begin PBXFileReference section */
		B314AAF31EB147ED00C8CF1F /* CleanTDDReportTableDemo.app */ = {isa = PBXFileReference; explicitFileType = wrapper.application; includeInIndex = 0; path = CleanTDDReportTableDemo.app; sourceTree = BUILT_PRODUCTS_DIR; };
		B314AAF61EB147ED00C8CF1F /* AppDelegate.swift */ = {isa = PBXFileReference; lastKnownFileType = sourcecode.swift; path = AppDelegate.swift; sourceTree = "<group>"; };
		B314AAFD1EB147ED00C8CF1F /* Assets.xcassets */ = {isa = PBXFileReference; lastKnownFileType = folder.assetcatalog; path = Assets.xcassets; sourceTree = "<group>"; };
		B314AB001EB147ED00C8CF1F /* Base */ = {isa = PBXFileReference; lastKnownFileType = file.storyboard; name = Base; path = Base.lproj/LaunchScreen.storyboard; sourceTree = "<group>"; };
		B314AB021EB147ED00C8CF1F /* Info.plist */ = {isa = PBXFileReference; lastKnownFileType = text.plist.xml; path = Info.plist; sourceTree = "<group>"; };
		B314AB071EB147ED00C8CF1F /* CleanTDDReportTableDemoTests.xctest */ = {isa = PBXFileReference; explicitFileType = wrapper.cfbundle; includeInIndex = 0; path = CleanTDDReportTableDemoTests.xctest; sourceTree = BUILT_PRODUCTS_DIR; };
		B314AB0D1EB147ED00C8CF1F /* Info.plist */ = {isa = PBXFileReference; lastKnownFileType = text.plist.xml; path = Info.plist; sourceTree = "<group>"; };
		B314AB161EB1485200C8CF1F /* Assets.xcassets */ = {isa = PBXFileReference; lastKnownFileType = folder.assetcatalog; path = Assets.xcassets; sourceTree = "<group>"; };
		B314AB191EB1485200C8CF1F /* Base */ = {isa = PBXFileReference; lastKnownFileType = file.storyboard; name = Base; path = LaunchScreen.storyboard; sourceTree = "<group>"; };
		B314AB1D1EB1485200C8CF1F /* TransactionEntity.swift */ = {isa = PBXFileReference; fileEncoding = 4; lastKnownFileType = sourcecode.swift; path = TransactionEntity.swift; sourceTree = "<group>"; };
		B314AB1E1EB1485200C8CF1F /* TransactionGroup.swift */ = {isa = PBXFileReference; fileEncoding = 4; lastKnownFileType = sourcecode.swift; path = TransactionGroup.swift; sourceTree = "<group>"; };
		B314AB201EB1485200C8CF1F /* EntityGateway.swift */ = {isa = PBXFileReference; fileEncoding = 4; lastKnownFileType = sourcecode.swift; path = EntityGateway.swift; sourceTree = "<group>"; };
		B314AB211EB1485200C8CF1F /* EntityGatewayFactory.swift */ = {isa = PBXFileReference; fileEncoding = 4; lastKnownFileType = sourcecode.swift; path = EntityGatewayFactory.swift; sourceTree = "<group>"; };
		B314AB221EB1485200C8CF1F /* EntityGatewayFactoryTests.swift */ = {isa = PBXFileReference; fileEncoding = 4; lastKnownFileType = sourcecode.swift; path = EntityGatewayFactoryTests.swift; sourceTree = "<group>"; };
		B314AB231EB1485200C8CF1F /* EntityGatewayImpl.swift */ = {isa = PBXFileReference; fileEncoding = 4; lastKnownFileType = sourcecode.swift; path = EntityGatewayImpl.swift; sourceTree = "<group>"; };
		B314AB241EB1485200C8CF1F /* EntityGatewayImplTests.swift */ = {isa = PBXFileReference; fileEncoding = 4; lastKnownFileType = sourcecode.swift; path = EntityGatewayImplTests.swift; sourceTree = "<group>"; };
		B314AB261EB1485200C8CF1F /* OneSourceManagerImpl.swift */ = {isa = PBXFileReference; fileEncoding = 4; lastKnownFileType = sourcecode.swift; path = OneSourceManagerImpl.swift; sourceTree = "<group>"; };
		B314AB271EB1485200C8CF1F /* TwoSourceManagerImpl.swift */ = {isa = PBXFileReference; fileEncoding = 4; lastKnownFileType = sourcecode.swift; path = TwoSourceManagerImpl.swift; sourceTree = "<group>"; };
		B314AB2B1EB1485200C8CF1F /* TransactionListConnector.swift */ = {isa = PBXFileReference; fileEncoding = 4; lastKnownFileType = sourcecode.swift; path = TransactionListConnector.swift; sourceTree = "<group>"; };
		B314AB2C1EB1485200C8CF1F /* TransactionListConnectorTests.swift */ = {isa = PBXFileReference; fileEncoding = 4; lastKnownFileType = sourcecode.swift; path = TransactionListConnectorTests.swift; sourceTree = "<group>"; };
		B314AB2E1EB1485200C8CF1F /* TransactionListPresenter.swift */ = {isa = PBXFileReference; fileEncoding = 4; lastKnownFileType = sourcecode.swift; path = TransactionListPresenter.swift; sourceTree = "<group>"; };
		B314AB2F1EB1485200C8CF1F /* TransactionListPresenterOutput.swift */ = {isa = PBXFileReference; fileEncoding = 4; lastKnownFileType = sourcecode.swift; path = TransactionListPresenterOutput.swift; sourceTree = "<group>"; };
		B314AB301EB1485200C8CF1F /* TransactionListPresenterTests.swift */ = {isa = PBXFileReference; fileEncoding = 4; lastKnownFileType = sourcecode.swift; path = TransactionListPresenterTests.swift; sourceTree = "<group>"; };
		B314AB311EB1485200C8CF1F /* TransactionListViewModel.swift */ = {isa = PBXFileReference; fileEncoding = 4; lastKnownFileType = sourcecode.swift; path = TransactionListViewModel.swift; sourceTree = "<group>"; };
		B314AB331EB1485200C8CF1F /* TransactionListUseCase.swift */ = {isa = PBXFileReference; fileEncoding = 4; lastKnownFileType = sourcecode.swift; path = TransactionListUseCase.swift; sourceTree = "<group>"; };
		B314AB341EB1485200C8CF1F /* TransactionListViewReadyOneSourceUseCaseTransformer.swift */ = {isa = PBXFileReference; fileEncoding = 4; lastKnownFileType = sourcecode.swift; path = TransactionListViewReadyOneSourceUseCaseTransformer.swift; sourceTree = "<group>"; };
		B314AB351EB1485200C8CF1F /* TransactionListViewReadyUseCaseTransformerTests.swift */ = {isa = PBXFileReference; fileEncoding = 4; lastKnownFileType = sourcecode.swift; path = TransactionListViewReadyUseCaseTransformerTests.swift; sourceTree = "<group>"; };
		B314AB361EB1485200C8CF1F /* TransactionListViewReadyTwoSourceUseCaseTransformer.swift */ = {isa = PBXFileReference; fileEncoding = 4; lastKnownFileType = sourcecode.swift; path = TransactionListViewReadyTwoSourceUseCaseTransformer.swift; sourceTree = "<group>"; };
		B314AB371EB1485200C8CF1F /* TransactionListUseCaseOutput.swift */ = {isa = PBXFileReference; fileEncoding = 4; lastKnownFileType = sourcecode.swift; path = TransactionListUseCaseOutput.swift; sourceTree = "<group>"; };
		B314AB3B1EB1485200C8CF1F /* TransactionListCell.swift */ = {isa = PBXFileReference; fileEncoding = 4; lastKnownFileType = sourcecode.swift; path = TransactionListCell.swift; sourceTree = "<group>"; };
		B314AB3C1EB1485200C8CF1F /* TransactionListDetailCell.swift */ = {isa = PBXFileReference; fileEncoding = 4; lastKnownFileType = sourcecode.swift; path = TransactionListDetailCell.swift; sourceTree = "<group>"; };
		B314AB3D1EB1485200C8CF1F /* TransactionListFooterCell.swift */ = {isa = PBXFileReference; fileEncoding = 4; lastKnownFileType = sourcecode.swift; path = TransactionListFooterCell.swift; sourceTree = "<group>"; };
		B314AB3E1EB1485200C8CF1F /* TransactionListGrandFooterCell.swift */ = {isa = PBXFileReference; fileEncoding = 4; lastKnownFileType = sourcecode.swift; path = TransactionListGrandFooterCell.swift; sourceTree = "<group>"; };
		B314AB3F1EB1485200C8CF1F /* TransactionListHeaderCell.swift */ = {isa = PBXFileReference; fileEncoding = 4; lastKnownFileType = sourcecode.swift; path = TransactionListHeaderCell.swift; sourceTree = "<group>"; };
		B314AB401EB1485200C8CF1F /* TransactionListMessageCell.swift */ = {isa = PBXFileReference; fileEncoding = 4; lastKnownFileType = sourcecode.swift; path = TransactionListMessageCell.swift; sourceTree = "<group>"; };
		B314AB411EB1485200C8CF1F /* TransactionListSubfooterCell.swift */ = {isa = PBXFileReference; fileEncoding = 4; lastKnownFileType = sourcecode.swift; path = TransactionListSubfooterCell.swift; sourceTree = "<group>"; };
		B314AB421EB1485200C8CF1F /* TransactionListSubheaderCell.swift */ = {isa = PBXFileReference; fileEncoding = 4; lastKnownFileType = sourcecode.swift; path = TransactionListSubheaderCell.swift; sourceTree = "<group>"; };
		B314AB431EB1485200C8CF1F /* TransactionListAdapter.swift */ = {isa = PBXFileReference; fileEncoding = 4; lastKnownFileType = sourcecode.swift; path = TransactionListAdapter.swift; sourceTree = "<group>"; };
		B314AB441EB1485200C8CF1F /* TransactionListAdapterTests.swift */ = {isa = PBXFileReference; fileEncoding = 4; lastKnownFileType = sourcecode.swift; path = TransactionListAdapterTests.swift; sourceTree = "<group>"; };
		B314AB451EB1485200C8CF1F /* TransactionListCellConfigurator.swift */ = {isa = PBXFileReference; fileEncoding = 4; lastKnownFileType = sourcecode.swift; path = TransactionListCellConfigurator.swift; sourceTree = "<group>"; };
		B314AB461EB1485200C8CF1F /* TransactionListCellConfiguratorTests.swift */ = {isa = PBXFileReference; fileEncoding = 4; lastKnownFileType = sourcecode.swift; path = TransactionListCellConfiguratorTests.swift; sourceTree = "<group>"; };
		B314AB471EB1485200C8CF1F /* TransactionListViewController.swift */ = {isa = PBXFileReference; fileEncoding = 4; lastKnownFileType = sourcecode.swift; path = TransactionListViewController.swift; sourceTree = "<group>"; };
		B314AB481EB1485200C8CF1F /* TransactionListViewControllerTests.swift */ = {isa = PBXFileReference; fileEncoding = 4; lastKnownFileType = sourcecode.swift; path = TransactionListViewControllerTests.swift; sourceTree = "<group>"; };
		B314AB491EB1485200C8CF1F /* TransactionListViewControllerIBInjectionTests.swift */ = {isa = PBXFileReference; fileEncoding = 4; lastKnownFileType = sourcecode.swift; path = TransactionListViewControllerIBInjectionTests.swift; sourceTree = "<group>"; };
		B314AB4A1EB1485200C8CF1F /* Main.storyboard */ = {isa = PBXFileReference; fileEncoding = 4; lastKnownFileType = file.storyboard; path = Main.storyboard; sourceTree = "<group>"; };
		B314AB731EB1485C00C8CF1F /* Color.swift */ = {isa = PBXFileReference; fileEncoding = 4; lastKnownFileType = sourcecode.swift; path = Color.swift; sourceTree = "<group>"; };
		B329312C1F01351D002DCB0D /* TransactionListOneSourceUseCaseTests.swift */ = {isa = PBXFileReference; fileEncoding = 4; lastKnownFileType = sourcecode.swift; path = TransactionListOneSourceUseCaseTests.swift; sourceTree = "<group>"; };
		B329312D1F01351D002DCB0D /* TransactionListTwoSourceUseCaseTests.swift */ = {isa = PBXFileReference; fileEncoding = 4; lastKnownFileType = sourcecode.swift; path = TransactionListTwoSourceUseCaseTests.swift; sourceTree = "<group>"; };
		B348D6E61EB7FD8000BC010E /* DateFormatter+Format.swift */ = {isa = PBXFileReference; fileEncoding = 4; lastKnownFileType = sourcecode.swift; path = "DateFormatter+Format.swift"; sourceTree = "<group>"; };
		B34B04241F12929000D96D90 /* TransactionListConvenienceConnectorTests.swift */ = {isa = PBXFileReference; fileEncoding = 4; lastKnownFileType = sourcecode.swift; path = TransactionListConvenienceConnectorTests.swift; sourceTree = "<group>"; };
		B34B042A1F12C1F100D96D90 /* TransactionListViewModelTests.swift */ = {isa = PBXFileReference; fileEncoding = 4; lastKnownFileType = sourcecode.swift; path = TransactionListViewModelTests.swift; sourceTree = "<group>"; };
		B34B042D1F143F5D00D96D90 /* TransactionListCellTests.swift */ = {isa = PBXFileReference; fileEncoding = 4; lastKnownFileType = sourcecode.swift; path = TransactionListCellTests.swift; sourceTree = "<group>"; };
		B366CD7B1F1141A1001E1FC1 /* OneSourceManager.swift */ = {isa = PBXFileReference; fileEncoding = 4; lastKnownFileType = sourcecode.swift; path = OneSourceManager.swift; sourceTree = "<group>"; };
		B366CD7D1F1141BF001E1FC1 /* TwoSourceManager.swift */ = {isa = PBXFileReference; fileEncoding = 4; lastKnownFileType = sourcecode.swift; path = TwoSourceManager.swift; sourceTree = "<group>"; };
		B366CD7F1F114831001E1FC1 /* EntityGatewayTestFakes.swift */ = {isa = PBXFileReference; fileEncoding = 4; lastKnownFileType = sourcecode.swift; path = EntityGatewayTestFakes.swift; sourceTree = "<group>"; };
		B39F73EC1F9842090032F59B /* Readme.md */ = {isa = PBXFileReference; fileEncoding = 4; lastKnownFileType = net.daringfireball.markdown; path = Readme.md; sourceTree = "<group>"; };
		B3C5026B1F5C79380018D14A /* TransactionListViewReadyUseCaseOutput.swift */ = {isa = PBXFileReference; fileEncoding = 4; lastKnownFileType = sourcecode.swift; path = TransactionListViewReadyUseCaseOutput.swift; sourceTree = "<group>"; };
		B3C5026D1F5C79A90018D14A /* TransactionListViewReadyPresenterOutput.swift */ = {isa = PBXFileReference; fileEncoding = 4; lastKnownFileType = sourcecode.swift; path = TransactionListViewReadyPresenterOutput.swift; sourceTree = "<group>"; };
/* End PBXFileReference section */

/* Begin PBXFrameworksBuildPhase section */
		B314AAF01EB147ED00C8CF1F /* Frameworks */ = {
			isa = PBXFrameworksBuildPhase;
			buildActionMask = 2147483647;
			files = (
			);
			runOnlyForDeploymentPostprocessing = 0;
		};
		B314AB041EB147ED00C8CF1F /* Frameworks */ = {
			isa = PBXFrameworksBuildPhase;
			buildActionMask = 2147483647;
			files = (
			);
			runOnlyForDeploymentPostprocessing = 0;
		};
/* End PBXFrameworksBuildPhase section */

/* Begin PBXGroup section */
		B314AAEA1EB147ED00C8CF1F = {
			isa = PBXGroup;
			children = (
				B314AAF51EB147ED00C8CF1F /* CleanTDDReportTableDemo */,
				B314AB0A1EB147ED00C8CF1F /* CleanTDDReportTableDemoTests */,
				B314AAF41EB147ED00C8CF1F /* Products */,
			);
			sourceTree = "<group>";
		};
		B314AAF41EB147ED00C8CF1F /* Products */ = {
			isa = PBXGroup;
			children = (
				B314AAF31EB147ED00C8CF1F /* CleanTDDReportTableDemo.app */,
				B314AB071EB147ED00C8CF1F /* CleanTDDReportTableDemoTests.xctest */,
			);
			name = Products;
			sourceTree = "<group>";
		};
		B314AAF51EB147ED00C8CF1F /* CleanTDDReportTableDemo */ = {
			isa = PBXGroup;
			children = (
				B314AB181EB1485200C8CF1F /* LaunchScreen.storyboard */,
				B348D6E61EB7FD8000BC010E /* DateFormatter+Format.swift */,
				B314AB731EB1485C00C8CF1F /* Color.swift */,
				B314AB161EB1485200C8CF1F /* Assets.xcassets */,
				B314AB1C1EB1485200C8CF1F /* Entities */,
				B314AB1F1EB1485200C8CF1F /* EntityGateway */,
				B314AB251EB1485200C8CF1F /* Managers */,
				B314AB281EB1485200C8CF1F /* Scenes */,
				B314AAF61EB147ED00C8CF1F /* AppDelegate.swift */,
				B314AAFD1EB147ED00C8CF1F /* Assets.xcassets */,
				B314AAFF1EB147ED00C8CF1F /* LaunchScreen.storyboard */,
				B314AB021EB147ED00C8CF1F /* Info.plist */,
			);
			path = CleanTDDReportTableDemo;
			sourceTree = "<group>";
		};
		B314AB0A1EB147ED00C8CF1F /* CleanTDDReportTableDemoTests */ = {
			isa = PBXGroup;
			children = (
				B39F73EC1F9842090032F59B /* Readme.md */,
				B314AB0D1EB147ED00C8CF1F /* Info.plist */,
			);
			path = CleanTDDReportTableDemoTests;
			sourceTree = "<group>";
		};
		B314AB1C1EB1485200C8CF1F /* Entities */ = {
			isa = PBXGroup;
			children = (
				B314AB1D1EB1485200C8CF1F /* TransactionEntity.swift */,
				B314AB1E1EB1485200C8CF1F /* TransactionGroup.swift */,
			);
			path = Entities;
			sourceTree = "<group>";
		};
		B314AB1F1EB1485200C8CF1F /* EntityGateway */ = {
			isa = PBXGroup;
			children = (
				B314AB201EB1485200C8CF1F /* EntityGateway.swift */,
				B314AB211EB1485200C8CF1F /* EntityGatewayFactory.swift */,
				B314AB221EB1485200C8CF1F /* EntityGatewayFactoryTests.swift */,
				B314AB231EB1485200C8CF1F /* EntityGatewayImpl.swift */,
				B314AB241EB1485200C8CF1F /* EntityGatewayImplTests.swift */,
				B366CD7F1F114831001E1FC1 /* EntityGatewayTestFakes.swift */,
			);
			path = EntityGateway;
			sourceTree = "<group>";
		};
		B314AB251EB1485200C8CF1F /* Managers */ = {
			isa = PBXGroup;
			children = (
				B314AB261EB1485200C8CF1F /* OneSourceManagerImpl.swift */,
				B314AB271EB1485200C8CF1F /* TwoSourceManagerImpl.swift */,
				B366CD7B1F1141A1001E1FC1 /* OneSourceManager.swift */,
				B366CD7D1F1141BF001E1FC1 /* TwoSourceManager.swift */,
			);
			path = Managers;
			sourceTree = "<group>";
		};
		B314AB281EB1485200C8CF1F /* Scenes */ = {
			isa = PBXGroup;
			children = (
				B314AB4A1EB1485200C8CF1F /* Main.storyboard */,
				B314AB291EB1485200C8CF1F /* AccountDetailsTransactionList */,
			);
			path = Scenes;
			sourceTree = "<group>";
		};
		B314AB291EB1485200C8CF1F /* AccountDetailsTransactionList */ = {
			isa = PBXGroup;
			children = (
				B314AB2A1EB1485200C8CF1F /* Connector */,
				B314AB391EB1485200C8CF1F /* View */,
				B314AB2D1EB1485200C8CF1F /* Presenter */,
				B314AB321EB1485200C8CF1F /* UseCase */,
			);
			path = AccountDetailsTransactionList;
			sourceTree = "<group>";
		};
		B314AB2A1EB1485200C8CF1F /* Connector */ = {
			isa = PBXGroup;
			children = (
				B314AB2B1EB1485200C8CF1F /* TransactionListConnector.swift */,
				B314AB2C1EB1485200C8CF1F /* TransactionListConnectorTests.swift */,
				B34B04241F12929000D96D90 /* TransactionListConvenienceConnectorTests.swift */,
			);
			path = Connector;
			sourceTree = "<group>";
		};
		B314AB2D1EB1485200C8CF1F /* Presenter */ = {
			isa = PBXGroup;
			children = (
				B314AB2E1EB1485200C8CF1F /* TransactionListPresenter.swift */,
				B314AB301EB1485200C8CF1F /* TransactionListPresenterTests.swift */,
				B314AB2F1EB1485200C8CF1F /* TransactionListPresenterOutput.swift */,
				B314AB311EB1485200C8CF1F /* TransactionListViewModel.swift */,
				B34B042A1F12C1F100D96D90 /* TransactionListViewModelTests.swift */,
				B3C5026D1F5C79A90018D14A /* TransactionListViewReadyPresenterOutput.swift */,
			);
			path = Presenter;
			sourceTree = "<group>";
		};
		B314AB321EB1485200C8CF1F /* UseCase */ = {
			isa = PBXGroup;
			children = (
				B329312C1F01351D002DCB0D /* TransactionListOneSourceUseCaseTests.swift */,
				B329312D1F01351D002DCB0D /* TransactionListTwoSourceUseCaseTests.swift */,
				B314AB331EB1485200C8CF1F /* TransactionListUseCase.swift */,
				B314AB371EB1485200C8CF1F /* TransactionListUseCaseOutput.swift */,
				B314AB341EB1485200C8CF1F /* TransactionListViewReadyOneSourceUseCaseTransformer.swift */,
				B314AB361EB1485200C8CF1F /* TransactionListViewReadyTwoSourceUseCaseTransformer.swift */,
				B314AB351EB1485200C8CF1F /* TransactionListViewReadyUseCaseTransformerTests.swift */,
				B3C5026B1F5C79380018D14A /* TransactionListViewReadyUseCaseOutput.swift */,
			);
			path = UseCase;
			sourceTree = "<group>";
		};
		B314AB391EB1485200C8CF1F /* View */ = {
			isa = PBXGroup;
			children = (
				B314AB471EB1485200C8CF1F /* TransactionListViewController.swift */,
				B314AB481EB1485200C8CF1F /* TransactionListViewControllerTests.swift */,
				B314AB491EB1485200C8CF1F /* TransactionListViewControllerIBInjectionTests.swift */,
				B314AB431EB1485200C8CF1F /* TransactionListAdapter.swift */,
				B314AB441EB1485200C8CF1F /* TransactionListAdapterTests.swift */,
				B314AB451EB1485200C8CF1F /* TransactionListCellConfigurator.swift */,
				B314AB461EB1485200C8CF1F /* TransactionListCellConfiguratorTests.swift */,
				B314AB3A1EB1485200C8CF1F /* Cells */,
			);
			path = View;
			sourceTree = "<group>";
		};
		B314AB3A1EB1485200C8CF1F /* Cells */ = {
			isa = PBXGroup;
			children = (
				B314AB3B1EB1485200C8CF1F /* TransactionListCell.swift */,
				B34B042D1F143F5D00D96D90 /* TransactionListCellTests.swift */,
				B314AB3F1EB1485200C8CF1F /* TransactionListHeaderCell.swift */,
				B314AB421EB1485200C8CF1F /* TransactionListSubheaderCell.swift */,
				B314AB3C1EB1485200C8CF1F /* TransactionListDetailCell.swift */,
				B314AB411EB1485200C8CF1F /* TransactionListSubfooterCell.swift */,
				B314AB3D1EB1485200C8CF1F /* TransactionListFooterCell.swift */,
				B314AB3E1EB1485200C8CF1F /* TransactionListGrandFooterCell.swift */,
				B314AB401EB1485200C8CF1F /* TransactionListMessageCell.swift */,
			);
			path = Cells;
			sourceTree = "<group>";
		};
/* End PBXGroup section */

/* Begin PBXNativeTarget section */
		B314AAF21EB147ED00C8CF1F /* CleanTDDReportTableDemo */ = {
			isa = PBXNativeTarget;
			buildConfigurationList = B314AB101EB147ED00C8CF1F /* Build configuration list for PBXNativeTarget "CleanTDDReportTableDemo" */;
			buildPhases = (
				B314AAEF1EB147ED00C8CF1F /* Sources */,
				B314AAF01EB147ED00C8CF1F /* Frameworks */,
				B314AAF11EB147ED00C8CF1F /* Resources */,
			);
			buildRules = (
			);
			dependencies = (
			);
			name = CleanTDDReportTableDemo;
			productName = CleanTDDReportTableDemo;
			productReference = B314AAF31EB147ED00C8CF1F /* CleanTDDReportTableDemo.app */;
			productType = "com.apple.product-type.application";
		};
		B314AB061EB147ED00C8CF1F /* CleanTDDReportTableDemoTests */ = {
			isa = PBXNativeTarget;
			buildConfigurationList = B314AB131EB147ED00C8CF1F /* Build configuration list for PBXNativeTarget "CleanTDDReportTableDemoTests" */;
			buildPhases = (
				B314AB031EB147ED00C8CF1F /* Sources */,
				B314AB041EB147ED00C8CF1F /* Frameworks */,
				B314AB051EB147ED00C8CF1F /* Resources */,
			);
			buildRules = (
			);
			dependencies = (
				B314AB091EB147ED00C8CF1F /* PBXTargetDependency */,
			);
			name = CleanTDDReportTableDemoTests;
			productName = CleanTDDReportTableDemoTests;
			productReference = B314AB071EB147ED00C8CF1F /* CleanTDDReportTableDemoTests.xctest */;
			productType = "com.apple.product-type.bundle.unit-test";
		};
/* End PBXNativeTarget section */

/* Begin PBXProject section */
		B314AAEB1EB147ED00C8CF1F /* Project object */ = {
			isa = PBXProject;
			attributes = {
				LastSwiftUpdateCheck = 0830;
				LastUpgradeCheck = 1010;
				ORGANIZATIONNAME = "Lyle Resnick";
				TargetAttributes = {
					B314AAF21EB147ED00C8CF1F = {
						CreatedOnToolsVersion = 8.3.1;
						DevelopmentTeam = JTC7H5GCJ5;
						ProvisioningStyle = Automatic;
					};
					B314AB061EB147ED00C8CF1F = {
						CreatedOnToolsVersion = 8.3.1;
						DevelopmentTeam = JTC7H5GCJ5;
						LastSwiftMigration = 1010;
						ProvisioningStyle = Automatic;
						TestTargetID = B314AAF21EB147ED00C8CF1F;
					};
				};
			};
			buildConfigurationList = B314AAEE1EB147ED00C8CF1F /* Build configuration list for PBXProject "CleanTDDReportTableDemo" */;
			compatibilityVersion = "Xcode 3.2";
			developmentRegion = English;
			hasScannedForEncodings = 0;
			knownRegions = (
				English,
				en,
				Base,
			);
			mainGroup = B314AAEA1EB147ED00C8CF1F;
			productRefGroup = B314AAF41EB147ED00C8CF1F /* Products */;
			projectDirPath = "";
			projectRoot = "";
			targets = (
				B314AAF21EB147ED00C8CF1F /* CleanTDDReportTableDemo */,
				B314AB061EB147ED00C8CF1F /* CleanTDDReportTableDemoTests */,
			);
		};
/* End PBXProject section */

/* Begin PBXResourcesBuildPhase section */
		B314AAF11EB147ED00C8CF1F /* Resources */ = {
			isa = PBXResourcesBuildPhase;
			buildActionMask = 2147483647;
			files = (
				B314AB721EB1485200C8CF1F /* Main.storyboard in Resources */,
				B314AB011EB147ED00C8CF1F /* LaunchScreen.storyboard in Resources */,
				B314AAFE1EB147ED00C8CF1F /* Assets.xcassets in Resources */,
				B314AB4C1EB1485200C8CF1F /* LaunchScreen.storyboard in Resources */,
			);
			runOnlyForDeploymentPostprocessing = 0;
		};
		B314AB051EB147ED00C8CF1F /* Resources */ = {
			isa = PBXResourcesBuildPhase;
			buildActionMask = 2147483647;
			files = (
				B39F73ED1F9842090032F59B /* Readme.md in Resources */,
			);
			runOnlyForDeploymentPostprocessing = 0;
		};
/* End PBXResourcesBuildPhase section */

/* Begin PBXSourcesBuildPhase section */
		B314AAEF1EB147ED00C8CF1F /* Sources */ = {
			isa = PBXSourcesBuildPhase;
			buildActionMask = 2147483647;
			files = (
				B314AAF71EB147ED00C8CF1F /* AppDelegate.swift in Sources */,
				B366CD7E1F1141BF001E1FC1 /* TwoSourceManager.swift in Sources */,
				B314AB631EB1485200C8CF1F /* TransactionListCell.swift in Sources */,
				B314AB571EB1485200C8CF1F /* TransactionListConnector.swift in Sources */,
				B314AB6D1EB1485200C8CF1F /* TransactionListCellConfigurator.swift in Sources */,
				B314AB601EB1485200C8CF1F /* TransactionListViewReadyTwoSourceUseCaseTransformer.swift in Sources */,
				B314AB671EB1485200C8CF1F /* TransactionListHeaderCell.swift in Sources */,
				B314AB551EB1485200C8CF1F /* OneSourceManagerImpl.swift in Sources */,
				B314AB5E1EB1485200C8CF1F /* TransactionListViewReadyOneSourceUseCaseTransformer.swift in Sources */,
				B314AB6A1EB1485200C8CF1F /* TransactionListSubheaderCell.swift in Sources */,
				B314AB651EB1485200C8CF1F /* TransactionListFooterCell.swift in Sources */,
				B314AB741EB1485C00C8CF1F /* Color.swift in Sources */,
				B314AB6B1EB1485200C8CF1F /* TransactionListAdapter.swift in Sources */,
				B314AB531EB1485200C8CF1F /* EntityGatewayImpl.swift in Sources */,
				B3C5026E1F5C79A90018D14A /* TransactionListViewReadyPresenterOutput.swift in Sources */,
				B314AB691EB1485200C8CF1F /* TransactionListSubfooterCell.swift in Sources */,
				B314AB561EB1485200C8CF1F /* TwoSourceManagerImpl.swift in Sources */,
				B314AB661EB1485200C8CF1F /* TransactionListGrandFooterCell.swift in Sources */,
				B314AB501EB1485200C8CF1F /* EntityGateway.swift in Sources */,
				B3C5026C1F5C79380018D14A /* TransactionListViewReadyUseCaseOutput.swift in Sources */,
				B314AB5C1EB1485200C8CF1F /* TransactionListViewModel.swift in Sources */,
				B314AB6F1EB1485200C8CF1F /* TransactionListViewController.swift in Sources */,
				B366CD7C1F1141A1001E1FC1 /* OneSourceManager.swift in Sources */,
				B314AB681EB1485200C8CF1F /* TransactionListMessageCell.swift in Sources */,
				B314AB511EB1485200C8CF1F /* EntityGatewayFactory.swift in Sources */,
				B314AB611EB1485200C8CF1F /* TransactionListUseCaseOutput.swift in Sources */,
				B314AB5D1EB1485200C8CF1F /* TransactionListUseCase.swift in Sources */,
				B314AB5A1EB1485200C8CF1F /* TransactionListPresenterOutput.swift in Sources */,
				B314AB591EB1485200C8CF1F /* TransactionListPresenter.swift in Sources */,
				B314AB4F1EB1485200C8CF1F /* TransactionGroup.swift in Sources */,
				B314AB4E1EB1485200C8CF1F /* TransactionEntity.swift in Sources */,
				B348D6E71EB7FD8000BC010E /* DateFormatter+Format.swift in Sources */,
				B314AB641EB1485200C8CF1F /* TransactionListDetailCell.swift in Sources */,
			);
			runOnlyForDeploymentPostprocessing = 0;
		};
		B314AB031EB147ED00C8CF1F /* Sources */ = {
			isa = PBXSourcesBuildPhase;
			buildActionMask = 2147483647;
			files = (
				B366CD811F114843001E1FC1 /* EntityGatewayTestFakes.swift in Sources */,
				B314AB7B1EB148AE00C8CF1F /* TransactionListAdapterTests.swift in Sources */,
				B314AB7E1EB148B400C8CF1F /* TransactionListViewControllerIBInjectionTests.swift in Sources */,
				B32931311F01353F002DCB0D /* TransactionListTwoSourceUseCaseTests.swift in Sources */,
				B34B042F1F143F6800D96D90 /* TransactionListCellTests.swift in Sources */,
				B32931301F01353F002DCB0D /* TransactionListOneSourceUseCaseTests.swift in Sources */,
				B314AB791EB148A600C8CF1F /* TransactionListViewReadyUseCaseTransformerTests.swift in Sources */,
				B314AB751EB1489900C8CF1F /* EntityGatewayFactoryTests.swift in Sources */,
				B34B042C1F12C29300D96D90 /* TransactionListViewModelTests.swift in Sources */,
				B314AB761EB1489C00C8CF1F /* EntityGatewayImplTests.swift in Sources */,
				B34B04261F1292E300D96D90 /* TransactionListConvenienceConnectorTests.swift in Sources */,
				B314AB7C1EB148B400C8CF1F /* TransactionListCellConfiguratorTests.swift in Sources */,
				B314AB771EB1489F00C8CF1F /* TransactionListConnectorTests.swift in Sources */,
				B314AB781EB148A300C8CF1F /* TransactionListPresenterTests.swift in Sources */,
				B314AB7D1EB148B400C8CF1F /* TransactionListViewControllerTests.swift in Sources */,
			);
			runOnlyForDeploymentPostprocessing = 0;
		};
/* End PBXSourcesBuildPhase section */

/* Begin PBXTargetDependency section */
		B314AB091EB147ED00C8CF1F /* PBXTargetDependency */ = {
			isa = PBXTargetDependency;
			target = B314AAF21EB147ED00C8CF1F /* CleanTDDReportTableDemo */;
			targetProxy = B314AB081EB147ED00C8CF1F /* PBXContainerItemProxy */;
		};
/* End PBXTargetDependency section */

/* Begin PBXVariantGroup section */
		B314AAFF1EB147ED00C8CF1F /* LaunchScreen.storyboard */ = {
			isa = PBXVariantGroup;
			children = (
				B314AB001EB147ED00C8CF1F /* Base */,
			);
			name = LaunchScreen.storyboard;
			sourceTree = "<group>";
		};
		B314AB181EB1485200C8CF1F /* LaunchScreen.storyboard */ = {
			isa = PBXVariantGroup;
			children = (
				B314AB191EB1485200C8CF1F /* Base */,
			);
			name = LaunchScreen.storyboard;
			path = Base.lproj;
			sourceTree = "<group>";
		};
/* End PBXVariantGroup section */

/* Begin XCBuildConfiguration section */
		B314AB0E1EB147ED00C8CF1F /* Debug */ = {
			isa = XCBuildConfiguration;
			buildSettings = {
				ALWAYS_SEARCH_USER_PATHS = NO;
				CLANG_ANALYZER_NONNULL = YES;
				CLANG_ANALYZER_NUMBER_OBJECT_CONVERSION = YES_AGGRESSIVE;
				CLANG_CXX_LANGUAGE_STANDARD = "gnu++0x";
				CLANG_CXX_LIBRARY = "libc++";
				CLANG_ENABLE_MODULES = YES;
				CLANG_ENABLE_OBJC_ARC = YES;
				CLANG_WARN_BLOCK_CAPTURE_AUTORELEASING = YES;
				CLANG_WARN_BOOL_CONVERSION = YES;
				CLANG_WARN_COMMA = YES;
				CLANG_WARN_CONSTANT_CONVERSION = YES;
				CLANG_WARN_DEPRECATED_OBJC_IMPLEMENTATIONS = YES;
				CLANG_WARN_DIRECT_OBJC_ISA_USAGE = YES_ERROR;
				CLANG_WARN_DOCUMENTATION_COMMENTS = YES;
				CLANG_WARN_EMPTY_BODY = YES;
				CLANG_WARN_ENUM_CONVERSION = YES;
				CLANG_WARN_INFINITE_RECURSION = YES;
				CLANG_WARN_INT_CONVERSION = YES;
				CLANG_WARN_NON_LITERAL_NULL_CONVERSION = YES;
				CLANG_WARN_OBJC_IMPLICIT_RETAIN_SELF = YES;
				CLANG_WARN_OBJC_LITERAL_CONVERSION = YES;
				CLANG_WARN_OBJC_ROOT_CLASS = YES_ERROR;
				CLANG_WARN_RANGE_LOOP_ANALYSIS = YES;
				CLANG_WARN_STRICT_PROTOTYPES = YES;
				CLANG_WARN_SUSPICIOUS_MOVE = YES;
				CLANG_WARN_UNREACHABLE_CODE = YES;
				CLANG_WARN__DUPLICATE_METHOD_MATCH = YES;
				"CODE_SIGN_IDENTITY[sdk=iphoneos*]" = "iPhone Developer";
				COPY_PHASE_STRIP = NO;
				DEBUG_INFORMATION_FORMAT = dwarf;
				ENABLE_STRICT_OBJC_MSGSEND = YES;
				ENABLE_TESTABILITY = YES;
				GCC_C_LANGUAGE_STANDARD = gnu99;
				GCC_DYNAMIC_NO_PIC = NO;
				GCC_NO_COMMON_BLOCKS = YES;
				GCC_OPTIMIZATION_LEVEL = 0;
				GCC_PREPROCESSOR_DEFINITIONS = (
					"DEBUG=1",
					"$(inherited)",
				);
				GCC_WARN_64_TO_32_BIT_CONVERSION = YES;
				GCC_WARN_ABOUT_RETURN_TYPE = YES_ERROR;
				GCC_WARN_UNDECLARED_SELECTOR = YES;
				GCC_WARN_UNINITIALIZED_AUTOS = YES_AGGRESSIVE;
				GCC_WARN_UNUSED_FUNCTION = YES;
				GCC_WARN_UNUSED_VARIABLE = YES;
				IPHONEOS_DEPLOYMENT_TARGET = 10.3;
				MTL_ENABLE_DEBUG_INFO = YES;
				ONLY_ACTIVE_ARCH = YES;
				SDKROOT = iphoneos;
				SWIFT_ACTIVE_COMPILATION_CONDITIONS = DEBUG;
				SWIFT_OPTIMIZATION_LEVEL = "-Onone";
				TARGETED_DEVICE_FAMILY = "1,2";
			};
			name = Debug;
		};
		B314AB0F1EB147ED00C8CF1F /* Release */ = {
			isa = XCBuildConfiguration;
			buildSettings = {
				ALWAYS_SEARCH_USER_PATHS = NO;
				CLANG_ANALYZER_NONNULL = YES;
				CLANG_ANALYZER_NUMBER_OBJECT_CONVERSION = YES_AGGRESSIVE;
				CLANG_CXX_LANGUAGE_STANDARD = "gnu++0x";
				CLANG_CXX_LIBRARY = "libc++";
				CLANG_ENABLE_MODULES = YES;
				CLANG_ENABLE_OBJC_ARC = YES;
				CLANG_WARN_BLOCK_CAPTURE_AUTORELEASING = YES;
				CLANG_WARN_BOOL_CONVERSION = YES;
				CLANG_WARN_COMMA = YES;
				CLANG_WARN_CONSTANT_CONVERSION = YES;
				CLANG_WARN_DEPRECATED_OBJC_IMPLEMENTATIONS = YES;
				CLANG_WARN_DIRECT_OBJC_ISA_USAGE = YES_ERROR;
				CLANG_WARN_DOCUMENTATION_COMMENTS = YES;
				CLANG_WARN_EMPTY_BODY = YES;
				CLANG_WARN_ENUM_CONVERSION = YES;
				CLANG_WARN_INFINITE_RECURSION = YES;
				CLANG_WARN_INT_CONVERSION = YES;
				CLANG_WARN_NON_LITERAL_NULL_CONVERSION = YES;
				CLANG_WARN_OBJC_IMPLICIT_RETAIN_SELF = YES;
				CLANG_WARN_OBJC_LITERAL_CONVERSION = YES;
				CLANG_WARN_OBJC_ROOT_CLASS = YES_ERROR;
				CLANG_WARN_RANGE_LOOP_ANALYSIS = YES;
				CLANG_WARN_STRICT_PROTOTYPES = YES;
				CLANG_WARN_SUSPICIOUS_MOVE = YES;
				CLANG_WARN_UNREACHABLE_CODE = YES;
				CLANG_WARN__DUPLICATE_METHOD_MATCH = YES;
				"CODE_SIGN_IDENTITY[sdk=iphoneos*]" = "iPhone Developer";
				COPY_PHASE_STRIP = NO;
				DEBUG_INFORMATION_FORMAT = "dwarf-with-dsym";
				ENABLE_NS_ASSERTIONS = NO;
				ENABLE_STRICT_OBJC_MSGSEND = YES;
				GCC_C_LANGUAGE_STANDARD = gnu99;
				GCC_NO_COMMON_BLOCKS = YES;
				GCC_WARN_64_TO_32_BIT_CONVERSION = YES;
				GCC_WARN_ABOUT_RETURN_TYPE = YES_ERROR;
				GCC_WARN_UNDECLARED_SELECTOR = YES;
				GCC_WARN_UNINITIALIZED_AUTOS = YES_AGGRESSIVE;
				GCC_WARN_UNUSED_FUNCTION = YES;
				GCC_WARN_UNUSED_VARIABLE = YES;
				IPHONEOS_DEPLOYMENT_TARGET = 10.3;
				MTL_ENABLE_DEBUG_INFO = NO;
				SDKROOT = iphoneos;
				SWIFT_OPTIMIZATION_LEVEL = "-Owholemodule";
				TARGETED_DEVICE_FAMILY = "1,2";
				VALIDATE_PRODUCT = YES;
			};
			name = Release;
		};
		B314AB111EB147ED00C8CF1F /* Debug */ = {
			isa = XCBuildConfiguration;
			buildSettings = {
				ASSETCATALOG_COMPILER_APPICON_NAME = AppIcon;
				DEVELOPMENT_TEAM = JTC7H5GCJ5;
				INFOPLIST_FILE = CleanTDDReportTableDemo/Info.plist;
				LD_RUNPATH_SEARCH_PATHS = "$(inherited) @executable_path/Frameworks";
				PRODUCT_BUNDLE_IDENTIFIER = com.cellarpoint.CleanTDDReportTableDemo;
				PRODUCT_NAME = "$(TARGET_NAME)";
				SWIFT_VERSION = 5.0;
			};
			name = Debug;
		};
		B314AB121EB147ED00C8CF1F /* Release */ = {
			isa = XCBuildConfiguration;
			buildSettings = {
				ASSETCATALOG_COMPILER_APPICON_NAME = AppIcon;
				DEVELOPMENT_TEAM = JTC7H5GCJ5;
				INFOPLIST_FILE = CleanTDDReportTableDemo/Info.plist;
				LD_RUNPATH_SEARCH_PATHS = "$(inherited) @executable_path/Frameworks";
				PRODUCT_BUNDLE_IDENTIFIER = com.cellarpoint.CleanTDDReportTableDemo;
				PRODUCT_NAME = "$(TARGET_NAME)";
				SWIFT_VERSION = 5.0;
			};
			name = Release;
		};
		B314AB141EB147ED00C8CF1F /* Debug */ = {
			isa = XCBuildConfiguration;
			buildSettings = {
				ALWAYS_EMBED_SWIFT_STANDARD_LIBRARIES = YES;
				BUNDLE_LOADER = "$(TEST_HOST)";
				DEVELOPMENT_TEAM = JTC7H5GCJ5;
				INFOPLIST_FILE = CleanTDDReportTableDemoTests/Info.plist;
				LD_RUNPATH_SEARCH_PATHS = "$(inherited) @executable_path/Frameworks @loader_path/Frameworks";
				PRODUCT_BUNDLE_IDENTIFIER = com.cellarpoint.CleanTDDReportTableDemoTests;
				PRODUCT_NAME = "$(TARGET_NAME)";
				SWIFT_SWIFT3_OBJC_INFERENCE = Default;
				SWIFT_VERSION = 4.2;
				TEST_HOST = "$(BUILT_PRODUCTS_DIR)/CleanTDDReportTableDemo.app/CleanTDDReportTableDemo";
			};
			name = Debug;
		};
		B314AB151EB147ED00C8CF1F /* Release */ = {
			isa = XCBuildConfiguration;
			buildSettings = {
				ALWAYS_EMBED_SWIFT_STANDARD_LIBRARIES = YES;
				BUNDLE_LOADER = "$(TEST_HOST)";
				DEVELOPMENT_TEAM = JTC7H5GCJ5;
				INFOPLIST_FILE = CleanTDDReportTableDemoTests/Info.plist;
				LD_RUNPATH_SEARCH_PATHS = "$(inherited) @executable_path/Frameworks @loader_path/Frameworks";
				PRODUCT_BUNDLE_IDENTIFIER = com.cellarpoint.CleanTDDReportTableDemoTests;
				PRODUCT_NAME = "$(TARGET_NAME)";
				SWIFT_SWIFT3_OBJC_INFERENCE = Default;
				SWIFT_VERSION = 4.2;
				TEST_HOST = "$(BUILT_PRODUCTS_DIR)/CleanTDDReportTableDemo.app/CleanTDDReportTableDemo";
			};
			name = Release;
		};
/* End XCBuildConfiguration section */

/* Begin XCConfigurationList section */
		B314AAEE1EB147ED00C8CF1F /* Build configuration list for PBXProject "CleanTDDReportTableDemo" */ = {
			isa = XCConfigurationList;
			buildConfigurations = (
				B314AB0E1EB147ED00C8CF1F /* Debug */,
				B314AB0F1EB147ED00C8CF1F /* Release */,
			);
			defaultConfigurationIsVisible = 0;
			defaultConfigurationName = Release;
		};
		B314AB101EB147ED00C8CF1F /* Build configuration list for PBXNativeTarget "CleanTDDReportTableDemo" */ = {
			isa = XCConfigurationList;
			buildConfigurations = (
				B314AB111EB147ED00C8CF1F /* Debug */,
				B314AB121EB147ED00C8CF1F /* Release */,
			);
			defaultConfigurationIsVisible = 0;
			defaultConfigurationName = Release;
		};
		B314AB131EB147ED00C8CF1F /* Build configuration list for PBXNativeTarget "CleanTDDReportTableDemoTests" */ = {
			isa = XCConfigurationList;
			buildConfigurations = (
				B314AB141EB147ED00C8CF1F /* Debug */,
				B314AB151EB147ED00C8CF1F /* Release */,
			);
			defaultConfigurationIsVisible = 0;
			defaultConfigurationName = Release;
		};
/* End XCConfigurationList section */
	};
	rootObject = B314AAEB1EB147ED00C8CF1F /* Project object */;
}
